// !$*UTF8*$!
{
	archiveVersion = 1;
	classes = {
	};
	objectVersion = 60;
	objects = {

/* Begin PBXBuildFile section */
		932598DB2C1FFE0C00626A46 /* StoreVM.swift in Sources */ = {isa = PBXBuildFile; fileRef = 932598DA2C1FFE0C00626A46 /* StoreVM.swift */; };
		932598DD2C2006C300626A46 /* SubscriptionView.swift in Sources */ = {isa = PBXBuildFile; fileRef = 932598DC2C2006C300626A46 /* SubscriptionView.swift */; };
		932598DF2C2008F000626A46 /* PremiumView.swift in Sources */ = {isa = PBXBuildFile; fileRef = 932598DE2C2008EF00626A46 /* PremiumView.swift */; };
		932A71A22C47B00E00285C44 /* SubscriptionOrignal.swift in Sources */ = {isa = PBXBuildFile; fileRef = 932A71A12C47B00E00285C44 /* SubscriptionOrignal.swift */; };
		932A71A52C47FE3700285C44 /* RichTextKit in Frameworks */ = {isa = PBXBuildFile; productRef = 932A71A42C47FE3700285C44 /* RichTextKit */; };
		93405B1C2C453414004A8F08 /* RtfFile.swift in Sources */ = {isa = PBXBuildFile; fileRef = 93405B1B2C453414004A8F08 /* RtfFile.swift */; };
		934062FD2C412987004C4C8E /* DocumentGroupExtPlugin.swift in Sources */ = {isa = PBXBuildFile; fileRef = 934062FC2C412987004C4C8E /* DocumentGroupExtPlugin.swift */; };
		934063042C41302F004C4C8E /* TxtEditor.swift in Sources */ = {isa = PBXBuildFile; fileRef = 934063032C41302F004C4C8E /* TxtEditor.swift */; };
		9358709B2C32A52000BEEC77 /* WelcomeScreen.swift in Sources */ = {isa = PBXBuildFile; fileRef = 9358709A2C32A52000BEEC77 /* WelcomeScreen.swift */; };
		9358709D2C32FA2800BEEC77 /* ExtColor.swift in Sources */ = {isa = PBXBuildFile; fileRef = 9358709C2C32FA2800BEEC77 /* ExtColor.swift */; };
		93608CD22C4508F200E74F42 /* TextFlow.swift in Sources */ = {isa = PBXBuildFile; fileRef = 93608CD12C4508F200E74F42 /* TextFlow.swift */; };
		93751F732C45CC48008D4B88 /* ThemeExt.swift in Sources */ = {isa = PBXBuildFile; fileRef = 93751F722C45CC48008D4B88 /* ThemeExt.swift */; };
		93751F762C46D944008D4B88 /* SubscribedScreen.swift in Sources */ = {isa = PBXBuildFile; fileRef = 93751F752C46D944008D4B88 /* SubscribedScreen.swift */; };
		93CBBD302C0FD49500999765 /* RTFeditor.swift in Sources */ = {isa = PBXBuildFile; fileRef = 93CBBD2F2C0FD49500999765 /* RTFeditor.swift */; };
		93CBBD322C0FD49700999765 /* Assets.xcassets in Resources */ = {isa = PBXBuildFile; fileRef = 93CBBD312C0FD49700999765 /* Assets.xcassets */; };
		93CBBD352C0FD49700999765 /* Preview Assets.xcassets in Resources */ = {isa = PBXBuildFile; fileRef = 93CBBD342C0FD49700999765 /* Preview Assets.xcassets */; };
		93CBBD3F2C0FD49700999765 /* TextFlowTests.swift in Sources */ = {isa = PBXBuildFile; fileRef = 93CBBD3E2C0FD49700999765 /* TextFlowTests.swift */; };
		93CBBD492C0FD49700999765 /* TextFlowTests.swift in Sources */ = {isa = PBXBuildFile; fileRef = 93CBBD482C0FD49700999765 /* TextFlowTests.swift */; };
		93CBBD4B2C0FD49700999765 /* TextFlowUITestsLaunchTests.swift in Sources */ = {isa = PBXBuildFile; fileRef = 93CBBD4A2C0FD49700999765 /* TextFlowUITestsLaunchTests.swift */; };
		93CBBD582C0FD59200999765 /* TextFile.swift in Sources */ = {isa = PBXBuildFile; fileRef = 93CBBD572C0FD59200999765 /* TextFile.swift */; };
		93CBBD6B2C11ACFE00999765 /* CodeEditorView in Frameworks */ = {isa = PBXBuildFile; productRef = 93CBBD6A2C11ACFE00999765 /* CodeEditorView */; };
		93CBBD6D2C11ACFE00999765 /* LanguageSupport in Frameworks */ = {isa = PBXBuildFile; productRef = 93CBBD6C2C11ACFE00999765 /* LanguageSupport */; };
		93EC2D3A2C344A8900EC5867 /* BuyView.swift in Sources */ = {isa = PBXBuildFile; fileRef = 93EC2D392C344A8900EC5867 /* BuyView.swift */; };
		93EC2D3D2C34B92A00EC5867 /* ThemeChangingView.swift in Sources */ = {isa = PBXBuildFile; fileRef = 93EC2D3C2C34B92A00EC5867 /* ThemeChangingView.swift */; };
		93F774272C33065D00B42805 /* OnBScreen.swift in Sources */ = {isa = PBXBuildFile; fileRef = 93F774262C33065D00B42805 /* OnBScreen.swift */; };
		93F774292C33377100B42805 /* SubscriptionTextFlowUI.swift in Sources */ = {isa = PBXBuildFile; fileRef = 93F774282C33377100B42805 /* SubscriptionTextFlowUI.swift */; };
		93F7742B2C33479200B42805 /* FeaturesRowUIComp.swift in Sources */ = {isa = PBXBuildFile; fileRef = 93F7742A2C33479200B42805 /* FeaturesRowUIComp.swift */; };
		93F7742E2C337CC500B42805 /* RadioButtonField.swift in Sources */ = {isa = PBXBuildFile; fileRef = 93F7742D2C337CC500B42805 /* RadioButtonField.swift */; };
		93F774302C337CD700B42805 /* RadioButtonGroups.swift in Sources */ = {isa = PBXBuildFile; fileRef = 93F7742F2C337CD700B42805 /* RadioButtonGroups.swift */; };
		93F774342C34293300B42805 /* DocumentGroupModalPlugin.swift in Sources */ = {isa = PBXBuildFile; fileRef = 93F774332C34293300B42805 /* DocumentGroupModalPlugin.swift */; };
		93FF33922C30DF91004E7038 /* DocumentKit in Frameworks */ = {isa = PBXBuildFile; productRef = 93FF33912C30DF91004E7038 /* DocumentKit */; };
		93FF33942C30E74E004E7038 /* SkipButton.swift in Sources */ = {isa = PBXBuildFile; fileRef = 93FF33932C30E74E004E7038 /* SkipButton.swift */; };
/* End PBXBuildFile section */

/* Begin PBXContainerItemProxy section */
		93CBBD3B2C0FD49700999765 /* PBXContainerItemProxy */ = {
			isa = PBXContainerItemProxy;
			containerPortal = 93CBBD222C0FD49500999765 /* Project object */;
			proxyType = 1;
			remoteGlobalIDString = 93CBBD292C0FD49500999765;
			remoteInfo = "Editor Master";
		};
		93CBBD452C0FD49700999765 /* PBXContainerItemProxy */ = {
			isa = PBXContainerItemProxy;
			containerPortal = 93CBBD222C0FD49500999765 /* Project object */;
			proxyType = 1;
			remoteGlobalIDString = 93CBBD292C0FD49500999765;
			remoteInfo = "Editor Master";
		};
/* End PBXContainerItemProxy section */

/* Begin PBXFileReference section */
		932598D92C1FF85800626A46 /* product.storekit */ = {isa = PBXFileReference; lastKnownFileType = text; path = product.storekit; sourceTree = "<group>"; };
		932598DA2C1FFE0C00626A46 /* StoreVM.swift */ = {isa = PBXFileReference; lastKnownFileType = sourcecode.swift; path = StoreVM.swift; sourceTree = "<group>"; };
		932598DC2C2006C300626A46 /* SubscriptionView.swift */ = {isa = PBXFileReference; lastKnownFileType = sourcecode.swift; path = SubscriptionView.swift; sourceTree = "<group>"; };
		932598DE2C2008EF00626A46 /* PremiumView.swift */ = {isa = PBXFileReference; lastKnownFileType = sourcecode.swift; path = PremiumView.swift; sourceTree = "<group>"; };
		932A71A12C47B00E00285C44 /* SubscriptionOrignal.swift */ = {isa = PBXFileReference; lastKnownFileType = sourcecode.swift; path = SubscriptionOrignal.swift; sourceTree = "<group>"; };
		93405B1B2C453414004A8F08 /* RtfFile.swift */ = {isa = PBXFileReference; lastKnownFileType = sourcecode.swift; path = RtfFile.swift; sourceTree = "<group>"; };
		934062FC2C412987004C4C8E /* DocumentGroupExtPlugin.swift */ = {isa = PBXFileReference; lastKnownFileType = sourcecode.swift; path = DocumentGroupExtPlugin.swift; sourceTree = "<group>"; };
		934063032C41302F004C4C8E /* TxtEditor.swift */ = {isa = PBXFileReference; lastKnownFileType = sourcecode.swift; path = TxtEditor.swift; sourceTree = "<group>"; };
		9358709A2C32A52000BEEC77 /* WelcomeScreen.swift */ = {isa = PBXFileReference; lastKnownFileType = sourcecode.swift; path = WelcomeScreen.swift; sourceTree = "<group>"; };
		9358709C2C32FA2800BEEC77 /* ExtColor.swift */ = {isa = PBXFileReference; lastKnownFileType = sourcecode.swift; path = ExtColor.swift; sourceTree = "<group>"; };
		93608CD12C4508F200E74F42 /* TextFlow.swift */ = {isa = PBXFileReference; lastKnownFileType = sourcecode.swift; path = TextFlow.swift; sourceTree = "<group>"; };
		93751F722C45CC48008D4B88 /* ThemeExt.swift */ = {isa = PBXFileReference; lastKnownFileType = sourcecode.swift; path = ThemeExt.swift; sourceTree = "<group>"; };
		93751F742C45D0C8008D4B88 /* Info.plist */ = {isa = PBXFileReference; lastKnownFileType = text.plist; path = Info.plist; sourceTree = "<group>"; };
		93751F752C46D944008D4B88 /* SubscribedScreen.swift */ = {isa = PBXFileReference; lastKnownFileType = sourcecode.swift; path = SubscribedScreen.swift; sourceTree = "<group>"; };
		93CBBD2A2C0FD49500999765 /* TextFlow.app */ = {isa = PBXFileReference; explicitFileType = wrapper.application; includeInIndex = 0; path = TextFlow.app; sourceTree = BUILT_PRODUCTS_DIR; };
		93CBBD2F2C0FD49500999765 /* RTFeditor.swift */ = {isa = PBXFileReference; lastKnownFileType = sourcecode.swift; path = RTFeditor.swift; sourceTree = "<group>"; };
		93CBBD312C0FD49700999765 /* Assets.xcassets */ = {isa = PBXFileReference; lastKnownFileType = folder.assetcatalog; path = Assets.xcassets; sourceTree = "<group>"; };
		93CBBD342C0FD49700999765 /* Preview Assets.xcassets */ = {isa = PBXFileReference; lastKnownFileType = folder.assetcatalog; path = "Preview Assets.xcassets"; sourceTree = "<group>"; };
		93CBBD3A2C0FD49700999765 /* TextFlowTests.xctest */ = {isa = PBXFileReference; explicitFileType = wrapper.cfbundle; includeInIndex = 0; path = TextFlowTests.xctest; sourceTree = BUILT_PRODUCTS_DIR; };
		93CBBD3E2C0FD49700999765 /* TextFlowTests.swift */ = {isa = PBXFileReference; lastKnownFileType = sourcecode.swift; path = TextFlowTests.swift; sourceTree = "<group>"; };
		93CBBD442C0FD49700999765 /* TextFlowUITests.xctest */ = {isa = PBXFileReference; explicitFileType = wrapper.cfbundle; includeInIndex = 0; path = TextFlowUITests.xctest; sourceTree = BUILT_PRODUCTS_DIR; };
		93CBBD482C0FD49700999765 /* TextFlowTests.swift */ = {isa = PBXFileReference; lastKnownFileType = sourcecode.swift; path = TextFlowTests.swift; sourceTree = "<group>"; };
		93CBBD4A2C0FD49700999765 /* TextFlowUITestsLaunchTests.swift */ = {isa = PBXFileReference; lastKnownFileType = sourcecode.swift; path = TextFlowUITestsLaunchTests.swift; sourceTree = "<group>"; };
		93CBBD572C0FD59200999765 /* TextFile.swift */ = {isa = PBXFileReference; lastKnownFileType = sourcecode.swift; path = TextFile.swift; sourceTree = "<group>"; };
		93EC2D392C344A8900EC5867 /* BuyView.swift */ = {isa = PBXFileReference; lastKnownFileType = sourcecode.swift; path = BuyView.swift; sourceTree = "<group>"; };
		93EC2D3C2C34B92A00EC5867 /* ThemeChangingView.swift */ = {isa = PBXFileReference; lastKnownFileType = sourcecode.swift; path = ThemeChangingView.swift; sourceTree = "<group>"; };
		93F774262C33065D00B42805 /* OnBScreen.swift */ = {isa = PBXFileReference; lastKnownFileType = sourcecode.swift; path = OnBScreen.swift; sourceTree = "<group>"; };
		93F774282C33377100B42805 /* SubscriptionTextFlowUI.swift */ = {isa = PBXFileReference; lastKnownFileType = sourcecode.swift; path = SubscriptionTextFlowUI.swift; sourceTree = "<group>"; };
		93F7742A2C33479200B42805 /* FeaturesRowUIComp.swift */ = {isa = PBXFileReference; lastKnownFileType = sourcecode.swift; path = FeaturesRowUIComp.swift; sourceTree = "<group>"; };
		93F7742D2C337CC500B42805 /* RadioButtonField.swift */ = {isa = PBXFileReference; lastKnownFileType = sourcecode.swift; path = RadioButtonField.swift; sourceTree = "<group>"; };
		93F7742F2C337CD700B42805 /* RadioButtonGroups.swift */ = {isa = PBXFileReference; lastKnownFileType = sourcecode.swift; path = RadioButtonGroups.swift; sourceTree = "<group>"; };
		93F774332C34293300B42805 /* DocumentGroupModalPlugin.swift */ = {isa = PBXFileReference; lastKnownFileType = sourcecode.swift; path = DocumentGroupModalPlugin.swift; sourceTree = "<group>"; };
		93FF33932C30E74E004E7038 /* SkipButton.swift */ = {isa = PBXFileReference; lastKnownFileType = sourcecode.swift; path = SkipButton.swift; sourceTree = "<group>"; };
/* End PBXFileReference section */

/* Begin PBXFrameworksBuildPhase section */
		93CBBD272C0FD49500999765 /* Frameworks */ = {
			isa = PBXFrameworksBuildPhase;
			buildActionMask = 2147483647;
			files = (
				93CBBD6D2C11ACFE00999765 /* LanguageSupport in Frameworks */,
				93CBBD6B2C11ACFE00999765 /* CodeEditorView in Frameworks */,
				932A71A52C47FE3700285C44 /* RichTextKit in Frameworks */,
				93FF33922C30DF91004E7038 /* DocumentKit in Frameworks */,
			);
			runOnlyForDeploymentPostprocessing = 0;
		};
		93CBBD372C0FD49700999765 /* Frameworks */ = {
			isa = PBXFrameworksBuildPhase;
			buildActionMask = 2147483647;
			files = (
			);
			runOnlyForDeploymentPostprocessing = 0;
		};
		93CBBD412C0FD49700999765 /* Frameworks */ = {
			isa = PBXFrameworksBuildPhase;
			buildActionMask = 2147483647;
			files = (
			);
			runOnlyForDeploymentPostprocessing = 0;
		};
/* End PBXFrameworksBuildPhase section */

/* Begin PBXGroup section */
		934062FE2C4129F6004C4C8E /* DocumentKitPlugin */ = {
			isa = PBXGroup;
			children = (
				934062FC2C412987004C4C8E /* DocumentGroupExtPlugin.swift */,
				93F774332C34293300B42805 /* DocumentGroupModalPlugin.swift */,
			);
			path = DocumentKitPlugin;
			sourceTree = "<group>";
		};
		934062FF2C412A14004C4C8E /* Demo_subscription */ = {
			isa = PBXGroup;
			children = (
				932598DE2C2008EF00626A46 /* PremiumView.swift */,
				932598DC2C2006C300626A46 /* SubscriptionView.swift */,
			);
			path = Demo_subscription;
			sourceTree = "<group>";
		};
		934063002C412F39004C4C8E /* Subscription */ = {
			isa = PBXGroup;
			children = (
				934062FF2C412A14004C4C8E /* Demo_subscription */,
				934063022C412F68004C4C8E /* logic */,
				934063012C412F5A004C4C8E /* comp */,
				93F774282C33377100B42805 /* SubscriptionTextFlowUI.swift */,
				93751F752C46D944008D4B88 /* SubscribedScreen.swift */,
				932A71A12C47B00E00285C44 /* SubscriptionOrignal.swift */,
			);
			path = Subscription;
			sourceTree = "<group>";
		};
		934063012C412F5A004C4C8E /* comp */ = {
			isa = PBXGroup;
			children = (
				93F7742C2C337CB200B42805 /* Radio */,
				93F7742A2C33479200B42805 /* FeaturesRowUIComp.swift */,
				93EC2D392C344A8900EC5867 /* BuyView.swift */,
			);
			path = comp;
			sourceTree = "<group>";
		};
		934063022C412F68004C4C8E /* logic */ = {
			isa = PBXGroup;
			children = (
				932598DA2C1FFE0C00626A46 /* StoreVM.swift */,
			);
			path = logic;
			sourceTree = "<group>";
		};
		934063062C41319F004C4C8E /* Editors */ = {
			isa = PBXGroup;
			children = (
				93CBBD2F2C0FD49500999765 /* RTFeditor.swift */,
				934063032C41302F004C4C8E /* TxtEditor.swift */,
			);
			path = Editors;
			sourceTree = "<group>";
		};
		934063072C4131F2004C4C8E /* Comp */ = {
			isa = PBXGroup;
			children = (
				93751F712C45CC28008D4B88 /* Ext */,
				93FF33932C30E74E004E7038 /* SkipButton.swift */,
			);
			path = Comp;
			sourceTree = "<group>";
		};
		934063082C413202004C4C8E /* Files */ = {
			isa = PBXGroup;
			children = (
				93CBBD572C0FD59200999765 /* TextFile.swift */,
				93405B1B2C453414004A8F08 /* RtfFile.swift */,
			);
			path = Files;
			sourceTree = "<group>";
		};
		934063092C41321B004C4C8E /* OnBScreen */ = {
			isa = PBXGroup;
			children = (
				93F774262C33065D00B42805 /* OnBScreen.swift */,
				9358709A2C32A52000BEEC77 /* WelcomeScreen.swift */,
			);
			path = OnBScreen;
			sourceTree = "<group>";
		};
		93751F712C45CC28008D4B88 /* Ext */ = {
			isa = PBXGroup;
			children = (
				9358709C2C32FA2800BEEC77 /* ExtColor.swift */,
				93751F722C45CC48008D4B88 /* ThemeExt.swift */,
			);
			path = Ext;
			sourceTree = "<group>";
		};
		93CBBD212C0FD49500999765 = {
			isa = PBXGroup;
			children = (
				93CBBD2C2C0FD49500999765 /* TextFlow */,
				93CBBD3D2C0FD49700999765 /* TextFlowTests */,
				93CBBD472C0FD49700999765 /* TextFlowUITests */,
				93CBBD2B2C0FD49500999765 /* Products */,
			);
			sourceTree = "<group>";
		};
		93CBBD2B2C0FD49500999765 /* Products */ = {
			isa = PBXGroup;
			children = (
				93CBBD2A2C0FD49500999765 /* TextFlow.app */,
				93CBBD3A2C0FD49700999765 /* TextFlowTests.xctest */,
				93CBBD442C0FD49700999765 /* TextFlowUITests.xctest */,
			);
			name = Products;
			sourceTree = "<group>";
		};
		93CBBD2C2C0FD49500999765 /* TextFlow */ = {
			isa = PBXGroup;
			children = (
				93751F742C45D0C8008D4B88 /* Info.plist */,
				93608CD12C4508F200E74F42 /* TextFlow.swift */,
				934063092C41321B004C4C8E /* OnBScreen */,
				934063082C413202004C4C8E /* Files */,
				93EC2D3B2C34B91F00EC5867 /* Theme */,
				934063062C41319F004C4C8E /* Editors */,
				934062FE2C4129F6004C4C8E /* DocumentKitPlugin */,
				934063002C412F39004C4C8E /* Subscription */,
				934063072C4131F2004C4C8E /* Comp */,
				93CBBD312C0FD49700999765 /* Assets.xcassets */,
				932598D92C1FF85800626A46 /* product.storekit */,
			);
			path = TextFlow;
			sourceTree = "<group>";
		};
		93CBBD332C0FD49700999765 /* Preview Content */ = {
			isa = PBXGroup;
			children = (
				93CBBD342C0FD49700999765 /* Preview Assets.xcassets */,
			);
			path = "Preview Content";
			sourceTree = "<group>";
		};
		93CBBD3D2C0FD49700999765 /* TextFlowTests */ = {
			isa = PBXGroup;
			children = (
				93CBBD3E2C0FD49700999765 /* TextFlowTests.swift */,
			);
			path = TextFlowTests;
			sourceTree = "<group>";
		};
		93CBBD472C0FD49700999765 /* TextFlowUITests */ = {
			isa = PBXGroup;
			children = (
				93CBBD332C0FD49700999765 /* Preview Content */,
				93CBBD482C0FD49700999765 /* TextFlowTests.swift */,
				93CBBD4A2C0FD49700999765 /* TextFlowUITestsLaunchTests.swift */,
			);
			path = TextFlowUITests;
			sourceTree = "<group>";
		};
		93EC2D3B2C34B91F00EC5867 /* Theme */ = {
			isa = PBXGroup;
			children = (
				93EC2D3C2C34B92A00EC5867 /* ThemeChangingView.swift */,
			);
			path = Theme;
			sourceTree = "<group>";
		};
		93F7742C2C337CB200B42805 /* Radio */ = {
			isa = PBXGroup;
			children = (
				93F7742D2C337CC500B42805 /* RadioButtonField.swift */,
				93F7742F2C337CD700B42805 /* RadioButtonGroups.swift */,
			);
			path = Radio;
			sourceTree = "<group>";
		};
/* End PBXGroup section */

/* Begin PBXNativeTarget section */
		93CBBD292C0FD49500999765 /* TextFlow */ = {
			isa = PBXNativeTarget;
			buildConfigurationList = 93CBBD4E2C0FD49700999765 /* Build configuration list for PBXNativeTarget "TextFlow" */;
			buildPhases = (
				93CBBD262C0FD49500999765 /* Sources */,
				93CBBD272C0FD49500999765 /* Frameworks */,
				93CBBD282C0FD49500999765 /* Resources */,
			);
			buildRules = (
			);
			dependencies = (
			);
			name = TextFlow;
			packageProductDependencies = (
				93CBBD6A2C11ACFE00999765 /* CodeEditorView */,
				93CBBD6C2C11ACFE00999765 /* LanguageSupport */,
				93FF33912C30DF91004E7038 /* DocumentKit */,
				932A71A42C47FE3700285C44 /* RichTextKit */,
			);
			productName = "Editor Master";
			productReference = 93CBBD2A2C0FD49500999765 /* TextFlow.app */;
			productType = "com.apple.product-type.application";
		};
		93CBBD392C0FD49700999765 /* TextFlowTests */ = {
			isa = PBXNativeTarget;
			buildConfigurationList = 93CBBD512C0FD49700999765 /* Build configuration list for PBXNativeTarget "TextFlowTests" */;
			buildPhases = (
				93CBBD362C0FD49700999765 /* Sources */,
				93CBBD372C0FD49700999765 /* Frameworks */,
				93CBBD382C0FD49700999765 /* Resources */,
			);
			buildRules = (
			);
			dependencies = (
				93CBBD3C2C0FD49700999765 /* PBXTargetDependency */,
			);
			name = TextFlowTests;
			productName = "Editor MasterTests";
			productReference = 93CBBD3A2C0FD49700999765 /* TextFlowTests.xctest */;
			productType = "com.apple.product-type.bundle.unit-test";
		};
		93CBBD432C0FD49700999765 /* TextFlowUITests */ = {
			isa = PBXNativeTarget;
			buildConfigurationList = 93CBBD542C0FD49700999765 /* Build configuration list for PBXNativeTarget "TextFlowUITests" */;
			buildPhases = (
				93CBBD402C0FD49700999765 /* Sources */,
				93CBBD412C0FD49700999765 /* Frameworks */,
				93CBBD422C0FD49700999765 /* Resources */,
			);
			buildRules = (
			);
			dependencies = (
				93CBBD462C0FD49700999765 /* PBXTargetDependency */,
			);
			name = TextFlowUITests;
			productName = "Editor MasterUITests";
			productReference = 93CBBD442C0FD49700999765 /* TextFlowUITests.xctest */;
			productType = "com.apple.product-type.bundle.ui-testing";
		};
/* End PBXNativeTarget section */

/* Begin PBXProject section */
		93CBBD222C0FD49500999765 /* Project object */ = {
			isa = PBXProject;
			attributes = {
				BuildIndependentTargetsInParallel = 1;
				LastSwiftUpdateCheck = 1540;
				LastUpgradeCheck = 1540;
				TargetAttributes = {
					93CBBD292C0FD49500999765 = {
						CreatedOnToolsVersion = 15.4;
					};
					93CBBD392C0FD49700999765 = {
						CreatedOnToolsVersion = 15.4;
						TestTargetID = 93CBBD292C0FD49500999765;
					};
					93CBBD432C0FD49700999765 = {
						CreatedOnToolsVersion = 15.4;
						TestTargetID = 93CBBD292C0FD49500999765;
					};
				};
			};
			buildConfigurationList = 93CBBD252C0FD49500999765 /* Build configuration list for PBXProject "TextFlow" */;
			compatibilityVersion = "Xcode 14.0";
			developmentRegion = en;
			hasScannedForEncodings = 0;
			knownRegions = (
				en,
				Base,
			);
			mainGroup = 93CBBD212C0FD49500999765;
			packageReferences = (
				93CBBD692C11ACFE00999765 /* XCRemoteSwiftPackageReference "CodeEditorView" */,
				93FF33902C30DF91004E7038 /* XCRemoteSwiftPackageReference "DocumentKit" */,
				932A71A32C47FE3700285C44 /* XCLocalSwiftPackageReference "TextFlow/richTextKit" */,
			);
			productRefGroup = 93CBBD2B2C0FD49500999765 /* Products */;
			projectDirPath = "";
			projectRoot = "";
			targets = (
				93CBBD292C0FD49500999765 /* TextFlow */,
				93CBBD392C0FD49700999765 /* TextFlowTests */,
				93CBBD432C0FD49700999765 /* TextFlowUITests */,
			);
		};
/* End PBXProject section */

/* Begin PBXResourcesBuildPhase section */
		93CBBD282C0FD49500999765 /* Resources */ = {
			isa = PBXResourcesBuildPhase;
			buildActionMask = 2147483647;
			files = (
				93CBBD352C0FD49700999765 /* Preview Assets.xcassets in Resources */,
				93CBBD322C0FD49700999765 /* Assets.xcassets in Resources */,
			);
			runOnlyForDeploymentPostprocessing = 0;
		};
		93CBBD382C0FD49700999765 /* Resources */ = {
			isa = PBXResourcesBuildPhase;
			buildActionMask = 2147483647;
			files = (
			);
			runOnlyForDeploymentPostprocessing = 0;
		};
		93CBBD422C0FD49700999765 /* Resources */ = {
			isa = PBXResourcesBuildPhase;
			buildActionMask = 2147483647;
			files = (
			);
			runOnlyForDeploymentPostprocessing = 0;
		};
/* End PBXResourcesBuildPhase section */

/* Begin PBXSourcesBuildPhase section */
		93CBBD262C0FD49500999765 /* Sources */ = {
			isa = PBXSourcesBuildPhase;
			buildActionMask = 2147483647;
			files = (
				93F7742B2C33479200B42805 /* FeaturesRowUIComp.swift in Sources */,
				932598DB2C1FFE0C00626A46 /* StoreVM.swift in Sources */,
				93F774272C33065D00B42805 /* OnBScreen.swift in Sources */,
				93EC2D3A2C344A8900EC5867 /* BuyView.swift in Sources */,
				93CBBD582C0FD59200999765 /* TextFile.swift in Sources */,
				93608CD22C4508F200E74F42 /* TextFlow.swift in Sources */,
				93F774292C33377100B42805 /* SubscriptionTextFlowUI.swift in Sources */,
				9358709D2C32FA2800BEEC77 /* ExtColor.swift in Sources */,
				93CBBD302C0FD49500999765 /* RTFeditor.swift in Sources */,
				93F774342C34293300B42805 /* DocumentGroupModalPlugin.swift in Sources */,
				93EC2D3D2C34B92A00EC5867 /* ThemeChangingView.swift in Sources */,
				93FF33942C30E74E004E7038 /* SkipButton.swift in Sources */,
				93405B1C2C453414004A8F08 /* RtfFile.swift in Sources */,
				93F7742E2C337CC500B42805 /* RadioButtonField.swift in Sources */,
				93751F732C45CC48008D4B88 /* ThemeExt.swift in Sources */,
				9358709B2C32A52000BEEC77 /* WelcomeScreen.swift in Sources */,
				932A71A22C47B00E00285C44 /* SubscriptionOrignal.swift in Sources */,
				932598DD2C2006C300626A46 /* SubscriptionView.swift in Sources */,
				93F774302C337CD700B42805 /* RadioButtonGroups.swift in Sources */,
				932598DF2C2008F000626A46 /* PremiumView.swift in Sources */,
				93751F762C46D944008D4B88 /* SubscribedScreen.swift in Sources */,
				934063042C41302F004C4C8E /* TxtEditor.swift in Sources */,
				934062FD2C412987004C4C8E /* DocumentGroupExtPlugin.swift in Sources */,
			);
			runOnlyForDeploymentPostprocessing = 0;
		};
		93CBBD362C0FD49700999765 /* Sources */ = {
			isa = PBXSourcesBuildPhase;
			buildActionMask = 2147483647;
			files = (
				93CBBD3F2C0FD49700999765 /* TextFlowTests.swift in Sources */,
			);
			runOnlyForDeploymentPostprocessing = 0;
		};
		93CBBD402C0FD49700999765 /* Sources */ = {
			isa = PBXSourcesBuildPhase;
			buildActionMask = 2147483647;
			files = (
				93CBBD492C0FD49700999765 /* TextFlowTests.swift in Sources */,
				93CBBD4B2C0FD49700999765 /* TextFlowUITestsLaunchTests.swift in Sources */,
			);
			runOnlyForDeploymentPostprocessing = 0;
		};
/* End PBXSourcesBuildPhase section */

/* Begin PBXTargetDependency section */
		93CBBD3C2C0FD49700999765 /* PBXTargetDependency */ = {
			isa = PBXTargetDependency;
			target = 93CBBD292C0FD49500999765 /* TextFlow */;
			targetProxy = 93CBBD3B2C0FD49700999765 /* PBXContainerItemProxy */;
		};
		93CBBD462C0FD49700999765 /* PBXTargetDependency */ = {
			isa = PBXTargetDependency;
			target = 93CBBD292C0FD49500999765 /* TextFlow */;
			targetProxy = 93CBBD452C0FD49700999765 /* PBXContainerItemProxy */;
		};
/* End PBXTargetDependency section */

/* Begin XCBuildConfiguration section */
		93CBBD4C2C0FD49700999765 /* Debug */ = {
			isa = XCBuildConfiguration;
			buildSettings = {
				ALWAYS_SEARCH_USER_PATHS = NO;
				ASSETCATALOG_COMPILER_GENERATE_SWIFT_ASSET_SYMBOL_EXTENSIONS = YES;
				CLANG_ANALYZER_NONNULL = YES;
				CLANG_ANALYZER_NUMBER_OBJECT_CONVERSION = YES_AGGRESSIVE;
				CLANG_CXX_LANGUAGE_STANDARD = "gnu++20";
				CLANG_ENABLE_MODULES = YES;
				CLANG_ENABLE_OBJC_ARC = YES;
				CLANG_ENABLE_OBJC_WEAK = YES;
				CLANG_WARN_BLOCK_CAPTURE_AUTORELEASING = YES;
				CLANG_WARN_BOOL_CONVERSION = YES;
				CLANG_WARN_COMMA = YES;
				CLANG_WARN_CONSTANT_CONVERSION = YES;
				CLANG_WARN_DEPRECATED_OBJC_IMPLEMENTATIONS = YES;
				CLANG_WARN_DIRECT_OBJC_ISA_USAGE = YES_ERROR;
				CLANG_WARN_DOCUMENTATION_COMMENTS = YES;
				CLANG_WARN_EMPTY_BODY = YES;
				CLANG_WARN_ENUM_CONVERSION = YES;
				CLANG_WARN_INFINITE_RECURSION = YES;
				CLANG_WARN_INT_CONVERSION = YES;
				CLANG_WARN_NON_LITERAL_NULL_CONVERSION = YES;
				CLANG_WARN_OBJC_IMPLICIT_RETAIN_SELF = YES;
				CLANG_WARN_OBJC_LITERAL_CONVERSION = YES;
				CLANG_WARN_OBJC_ROOT_CLASS = YES_ERROR;
				CLANG_WARN_QUOTED_INCLUDE_IN_FRAMEWORK_HEADER = YES;
				CLANG_WARN_RANGE_LOOP_ANALYSIS = YES;
				CLANG_WARN_STRICT_PROTOTYPES = YES;
				CLANG_WARN_SUSPICIOUS_MOVE = YES;
				CLANG_WARN_UNGUARDED_AVAILABILITY = YES_AGGRESSIVE;
				CLANG_WARN_UNREACHABLE_CODE = YES;
				CLANG_WARN__DUPLICATE_METHOD_MATCH = YES;
				COPY_PHASE_STRIP = NO;
				DEBUG_INFORMATION_FORMAT = dwarf;
				ENABLE_STRICT_OBJC_MSGSEND = YES;
				ENABLE_TESTABILITY = YES;
				ENABLE_USER_SCRIPT_SANDBOXING = YES;
				GCC_C_LANGUAGE_STANDARD = gnu17;
				GCC_DYNAMIC_NO_PIC = NO;
				GCC_NO_COMMON_BLOCKS = YES;
				GCC_OPTIMIZATION_LEVEL = 0;
				GCC_PREPROCESSOR_DEFINITIONS = (
					"DEBUG=1",
					"$(inherited)",
				);
				GCC_WARN_64_TO_32_BIT_CONVERSION = YES;
				GCC_WARN_ABOUT_RETURN_TYPE = YES_ERROR;
				GCC_WARN_UNDECLARED_SELECTOR = YES;
				GCC_WARN_UNINITIALIZED_AUTOS = YES_AGGRESSIVE;
				GCC_WARN_UNUSED_FUNCTION = YES;
				GCC_WARN_UNUSED_VARIABLE = YES;
				INFOPLIST_KEY_CFBundleDisplayName = TextFlow;
				INFOPLIST_KEY_UISupportsDocumentBrowser = YES;
				IPHONEOS_DEPLOYMENT_TARGET = 17.5;
				LOCALIZATION_PREFERS_STRING_CATALOGS = YES;
				MTL_ENABLE_DEBUG_INFO = INCLUDE_SOURCE;
				MTL_FAST_MATH = YES;
				ONLY_ACTIVE_ARCH = YES;
				PRODUCT_NAME = TextFlow;
				SDKROOT = iphoneos;
				SWIFT_ACTIVE_COMPILATION_CONDITIONS = "DEBUG $(inherited)";
				SWIFT_OPTIMIZATION_LEVEL = "-Onone";
			};
			name = Debug;
		};
		93CBBD4D2C0FD49700999765 /* Release */ = {
			isa = XCBuildConfiguration;
			buildSettings = {
				ALWAYS_SEARCH_USER_PATHS = NO;
				ASSETCATALOG_COMPILER_GENERATE_SWIFT_ASSET_SYMBOL_EXTENSIONS = YES;
				CLANG_ANALYZER_NONNULL = YES;
				CLANG_ANALYZER_NUMBER_OBJECT_CONVERSION = YES_AGGRESSIVE;
				CLANG_CXX_LANGUAGE_STANDARD = "gnu++20";
				CLANG_ENABLE_MODULES = YES;
				CLANG_ENABLE_OBJC_ARC = YES;
				CLANG_ENABLE_OBJC_WEAK = YES;
				CLANG_WARN_BLOCK_CAPTURE_AUTORELEASING = YES;
				CLANG_WARN_BOOL_CONVERSION = YES;
				CLANG_WARN_COMMA = YES;
				CLANG_WARN_CONSTANT_CONVERSION = YES;
				CLANG_WARN_DEPRECATED_OBJC_IMPLEMENTATIONS = YES;
				CLANG_WARN_DIRECT_OBJC_ISA_USAGE = YES_ERROR;
				CLANG_WARN_DOCUMENTATION_COMMENTS = YES;
				CLANG_WARN_EMPTY_BODY = YES;
				CLANG_WARN_ENUM_CONVERSION = YES;
				CLANG_WARN_INFINITE_RECURSION = YES;
				CLANG_WARN_INT_CONVERSION = YES;
				CLANG_WARN_NON_LITERAL_NULL_CONVERSION = YES;
				CLANG_WARN_OBJC_IMPLICIT_RETAIN_SELF = YES;
				CLANG_WARN_OBJC_LITERAL_CONVERSION = YES;
				CLANG_WARN_OBJC_ROOT_CLASS = YES_ERROR;
				CLANG_WARN_QUOTED_INCLUDE_IN_FRAMEWORK_HEADER = YES;
				CLANG_WARN_RANGE_LOOP_ANALYSIS = YES;
				CLANG_WARN_STRICT_PROTOTYPES = YES;
				CLANG_WARN_SUSPICIOUS_MOVE = YES;
				CLANG_WARN_UNGUARDED_AVAILABILITY = YES_AGGRESSIVE;
				CLANG_WARN_UNREACHABLE_CODE = YES;
				CLANG_WARN__DUPLICATE_METHOD_MATCH = YES;
				COPY_PHASE_STRIP = NO;
				DEBUG_INFORMATION_FORMAT = "dwarf-with-dsym";
				ENABLE_NS_ASSERTIONS = NO;
				ENABLE_STRICT_OBJC_MSGSEND = YES;
				ENABLE_USER_SCRIPT_SANDBOXING = YES;
				GCC_C_LANGUAGE_STANDARD = gnu17;
				GCC_NO_COMMON_BLOCKS = YES;
				GCC_WARN_64_TO_32_BIT_CONVERSION = YES;
				GCC_WARN_ABOUT_RETURN_TYPE = YES_ERROR;
				GCC_WARN_UNDECLARED_SELECTOR = YES;
				GCC_WARN_UNINITIALIZED_AUTOS = YES_AGGRESSIVE;
				GCC_WARN_UNUSED_FUNCTION = YES;
				GCC_WARN_UNUSED_VARIABLE = YES;
				INFOPLIST_KEY_CFBundleDisplayName = TextFlow;
				INFOPLIST_KEY_UISupportsDocumentBrowser = YES;
				IPHONEOS_DEPLOYMENT_TARGET = 17.5;
				LOCALIZATION_PREFERS_STRING_CATALOGS = YES;
				MTL_ENABLE_DEBUG_INFO = NO;
				MTL_FAST_MATH = YES;
				PRODUCT_NAME = TextFlow;
				SDKROOT = iphoneos;
				SWIFT_COMPILATION_MODE = wholemodule;
				VALIDATE_PRODUCT = YES;
			};
			name = Release;
		};
		93CBBD4F2C0FD49700999765 /* Debug */ = {
			isa = XCBuildConfiguration;
			buildSettings = {
				ASSETCATALOG_COMPILER_APPICON_NAME = AppIcon;
				ASSETCATALOG_COMPILER_GLOBAL_ACCENT_COLOR_NAME = AccentColor;
				CODE_SIGN_STYLE = Automatic;
				CURRENT_PROJECT_VERSION = 1;
				DEVELOPMENT_ASSET_PATHS = "";
				DEVELOPMENT_TEAM = Z6FXYBVG8W;
				ENABLE_PREVIEWS = YES;
				GENERATE_INFOPLIST_FILE = YES;
				INFOPLIST_FILE = TextFlow/Info.plist;
				INFOPLIST_KEY_CFBundleDisplayName = TextFlow;
				INFOPLIST_KEY_UIApplicationSceneManifest_Generation = YES;
				INFOPLIST_KEY_UIApplicationSupportsIndirectInputEvents = YES;
				INFOPLIST_KEY_UILaunchScreen_Generation = YES;
				INFOPLIST_KEY_UISupportedInterfaceOrientations_iPad = "UIInterfaceOrientationPortrait UIInterfaceOrientationPortraitUpsideDown UIInterfaceOrientationLandscapeLeft UIInterfaceOrientationLandscapeRight";
				INFOPLIST_KEY_UISupportedInterfaceOrientations_iPhone = "UIInterfaceOrientationPortrait UIInterfaceOrientationLandscapeLeft UIInterfaceOrientationLandscapeRight";
				INFOPLIST_KEY_UISupportsDocumentBrowser = YES;
				LD_RUNPATH_SEARCH_PATHS = (
					"$(inherited)",
					"@executable_path/Frameworks",
				);
				MARKETING_VERSION = 1.0;
				PRODUCT_BUNDLE_IDENTIFIER = "com.editmaster.Editor-Master";
				PRODUCT_NAME = "$(TARGET_NAME)";
				SWIFT_EMIT_LOC_STRINGS = YES;
				SWIFT_VERSION = 5.0;
				TARGETED_DEVICE_FAMILY = "1,2";
			};
			name = Debug;
		};
		93CBBD502C0FD49700999765 /* Release */ = {
			isa = XCBuildConfiguration;
			buildSettings = {
				ASSETCATALOG_COMPILER_APPICON_NAME = AppIcon;
				ASSETCATALOG_COMPILER_GLOBAL_ACCENT_COLOR_NAME = AccentColor;
				CODE_SIGN_STYLE = Automatic;
				CURRENT_PROJECT_VERSION = 1;
				DEVELOPMENT_ASSET_PATHS = "";
				DEVELOPMENT_TEAM = Z6FXYBVG8W;
				ENABLE_PREVIEWS = YES;
				GENERATE_INFOPLIST_FILE = YES;
				INFOPLIST_FILE = TextFlow/Info.plist;
				INFOPLIST_KEY_CFBundleDisplayName = TextFlow;
				INFOPLIST_KEY_UIApplicationSceneManifest_Generation = YES;
				INFOPLIST_KEY_UIApplicationSupportsIndirectInputEvents = YES;
				INFOPLIST_KEY_UILaunchScreen_Generation = YES;
				INFOPLIST_KEY_UISupportedInterfaceOrientations_iPad = "UIInterfaceOrientationPortrait UIInterfaceOrientationPortraitUpsideDown UIInterfaceOrientationLandscapeLeft UIInterfaceOrientationLandscapeRight";
				INFOPLIST_KEY_UISupportedInterfaceOrientations_iPhone = "UIInterfaceOrientationPortrait UIInterfaceOrientationLandscapeLeft UIInterfaceOrientationLandscapeRight";
				INFOPLIST_KEY_UISupportsDocumentBrowser = YES;
				LD_RUNPATH_SEARCH_PATHS = (
					"$(inherited)",
					"@executable_path/Frameworks",
				);
				MARKETING_VERSION = 1.0;
				PRODUCT_BUNDLE_IDENTIFIER = "com.editmaster.Editor-Master";
				PRODUCT_NAME = "$(TARGET_NAME)";
				SWIFT_EMIT_LOC_STRINGS = YES;
				SWIFT_VERSION = 5.0;
				TARGETED_DEVICE_FAMILY = "1,2";
			};
			name = Release;
		};
		93CBBD522C0FD49700999765 /* Debug */ = {
			isa = XCBuildConfiguration;
			buildSettings = {
				ALWAYS_EMBED_SWIFT_STANDARD_LIBRARIES = YES;
				BUNDLE_LOADER = "$(TEST_HOST)";
				CODE_SIGN_STYLE = Automatic;
				CURRENT_PROJECT_VERSION = 1;
				DEVELOPMENT_TEAM = Z6FXYBVG8W;
				GENERATE_INFOPLIST_FILE = YES;
				IPHONEOS_DEPLOYMENT_TARGET = 17.5;
				MARKETING_VERSION = 1.0;
				PRODUCT_BUNDLE_IDENTIFIER = "com.editmaster.Editor-MasterTests";
				PRODUCT_NAME = "$(TARGET_NAME)";
				SUPPORTED_PLATFORMS = "$(AVAILABLE_PLATFORMS)";
				SUPPORTS_MACCATALYST = YES;
				SUPPORTS_MAC_DESIGNED_FOR_IPHONE_IPAD = YES;
				SUPPORTS_XR_DESIGNED_FOR_IPHONE_IPAD = YES;
				SWIFT_EMIT_LOC_STRINGS = NO;
				SWIFT_VERSION = 5.0;
				TARGETED_DEVICE_FAMILY = "1,2,3,4,6,7";
				TEST_HOST = "$(BUILT_PRODUCTS_DIR)/TextFlow.app/TextFlow";
			};
			name = Debug;
		};
		93CBBD532C0FD49700999765 /* Release */ = {
			isa = XCBuildConfiguration;
			buildSettings = {
				ALWAYS_EMBED_SWIFT_STANDARD_LIBRARIES = YES;
				BUNDLE_LOADER = "$(TEST_HOST)";
				CODE_SIGN_STYLE = Automatic;
				CURRENT_PROJECT_VERSION = 1;
				DEVELOPMENT_TEAM = Z6FXYBVG8W;
				GENERATE_INFOPLIST_FILE = YES;
				IPHONEOS_DEPLOYMENT_TARGET = 17.5;
				MARKETING_VERSION = 1.0;
				PRODUCT_BUNDLE_IDENTIFIER = "com.editmaster.Editor-MasterTests";
				PRODUCT_NAME = "$(TARGET_NAME)";
				SUPPORTED_PLATFORMS = "$(AVAILABLE_PLATFORMS)";
				SUPPORTS_MACCATALYST = YES;
				SUPPORTS_MAC_DESIGNED_FOR_IPHONE_IPAD = YES;
				SUPPORTS_XR_DESIGNED_FOR_IPHONE_IPAD = YES;
				SWIFT_EMIT_LOC_STRINGS = NO;
				SWIFT_VERSION = 5.0;
				TARGETED_DEVICE_FAMILY = "1,2,3,4,6,7";
				TEST_HOST = "$(BUILT_PRODUCTS_DIR)/TextFlow.app/TextFlow";
			};
			name = Release;
		};
		93CBBD552C0FD49700999765 /* Debug */ = {
			isa = XCBuildConfiguration;
			buildSettings = {
				ALWAYS_EMBED_SWIFT_STANDARD_LIBRARIES = YES;
				CODE_SIGN_STYLE = Automatic;
				CURRENT_PROJECT_VERSION = 1;
				DEVELOPMENT_TEAM = Z6FXYBVG8W;
				GENERATE_INFOPLIST_FILE = YES;
				MARKETING_VERSION = 1.0;
				NEW_SETTING = "";
				PRODUCT_BUNDLE_IDENTIFIER = "com.editmaster.Editor-MasterUITests";
				PRODUCT_NAME = "$(TARGET_NAME)";
				SWIFT_EMIT_LOC_STRINGS = NO;
				SWIFT_VERSION = 5.0;
				TARGETED_DEVICE_FAMILY = "1,2";
				"TEST_HOST[sdk=*]" = "";
				TEST_TARGET_NAME = "Editor Master";
			};
			name = Debug;
		};
		93CBBD562C0FD49700999765 /* Release */ = {
			isa = XCBuildConfiguration;
			buildSettings = {
				ALWAYS_EMBED_SWIFT_STANDARD_LIBRARIES = YES;
				CODE_SIGN_STYLE = Automatic;
				CURRENT_PROJECT_VERSION = 1;
				DEVELOPMENT_TEAM = Z6FXYBVG8W;
				GENERATE_INFOPLIST_FILE = YES;
				MARKETING_VERSION = 1.0;
				NEW_SETTING = "";
				PRODUCT_BUNDLE_IDENTIFIER = "com.editmaster.Editor-MasterUITests";
				PRODUCT_NAME = "$(TARGET_NAME)";
				SWIFT_EMIT_LOC_STRINGS = NO;
				SWIFT_VERSION = 5.0;
				TARGETED_DEVICE_FAMILY = "1,2";
				TEST_TARGET_NAME = "Editor Master";
			};
			name = Release;
		};
/* End XCBuildConfiguration section */

/* Begin XCConfigurationList section */
		93CBBD252C0FD49500999765 /* Build configuration list for PBXProject "TextFlow" */ = {
			isa = XCConfigurationList;
			buildConfigurations = (
				93CBBD4C2C0FD49700999765 /* Debug */,
				93CBBD4D2C0FD49700999765 /* Release */,
			);
			defaultConfigurationIsVisible = 0;
			defaultConfigurationName = Release;
		};
		93CBBD4E2C0FD49700999765 /* Build configuration list for PBXNativeTarget "TextFlow" */ = {
			isa = XCConfigurationList;
			buildConfigurations = (
				93CBBD4F2C0FD49700999765 /* Debug */,
				93CBBD502C0FD49700999765 /* Release */,
			);
			defaultConfigurationIsVisible = 0;
			defaultConfigurationName = Release;
		};
		93CBBD512C0FD49700999765 /* Build configuration list for PBXNativeTarget "TextFlowTests" */ = {
			isa = XCConfigurationList;
			buildConfigurations = (
				93CBBD522C0FD49700999765 /* Debug */,
				93CBBD532C0FD49700999765 /* Release */,
			);
			defaultConfigurationIsVisible = 0;
			defaultConfigurationName = Release;
		};
		93CBBD542C0FD49700999765 /* Build configuration list for PBXNativeTarget "TextFlowUITests" */ = {
			isa = XCConfigurationList;
			buildConfigurations = (
				93CBBD552C0FD49700999765 /* Debug */,
				93CBBD562C0FD49700999765 /* Release */,
			);
			defaultConfigurationIsVisible = 0;
			defaultConfigurationName = Release;
		};
/* End XCConfigurationList section */

/* Begin XCLocalSwiftPackageReference section */
		932A71A32C47FE3700285C44 /* XCLocalSwiftPackageReference "TextFlow/richTextKit" */ = {
			isa = XCLocalSwiftPackageReference;
			relativePath = TextFlow/richTextKit;
		};
/* End XCLocalSwiftPackageReference section */

/* Begin XCRemoteSwiftPackageReference section */
		93CBBD692C11ACFE00999765 /* XCRemoteSwiftPackageReference "CodeEditorView" */ = {
			isa = XCRemoteSwiftPackageReference;
			repositoryURL = "https://github.com/mchakravarty/CodeEditorView.git";
			requirement = {
				kind = upToNextMajorVersion;
				minimumVersion = 0.13.0;
			};
		};
		93FF33902C30DF91004E7038 /* XCRemoteSwiftPackageReference "DocumentKit" */ = {
			isa = XCRemoteSwiftPackageReference;
			repositoryURL = "https://github.com/danielsaidi/DocumentKit.git";
			requirement = {
				kind = upToNextMajorVersion;
				minimumVersion = 0.4.0;
			};
		};
/* End XCRemoteSwiftPackageReference section */

/* Begin XCSwiftPackageProductDependency section */
		932A71A42C47FE3700285C44 /* RichTextKit */ = {
			isa = XCSwiftPackageProductDependency;
			productName = RichTextKit;
		};
		93CBBD6A2C11ACFE00999765 /* CodeEditorView */ = {
			isa = XCSwiftPackageProductDependency;
			package = 93CBBD692C11ACFE00999765 /* XCRemoteSwiftPackageReference "CodeEditorView" */;
			productName = CodeEditorView;
		};
		93CBBD6C2C11ACFE00999765 /* LanguageSupport */ = {
			isa = XCSwiftPackageProductDependency;
			package = 93CBBD692C11ACFE00999765 /* XCRemoteSwiftPackageReference "CodeEditorView" */;
			productName = LanguageSupport;
		};
		93FF33912C30DF91004E7038 /* DocumentKit */ = {
			isa = XCSwiftPackageProductDependency;
			package = 93FF33902C30DF91004E7038 /* XCRemoteSwiftPackageReference "DocumentKit" */;
			productName = DocumentKit;
		};
/* End XCSwiftPackageProductDependency section */
	};
	rootObject = 93CBBD222C0FD49500999765 /* Project object */;
}
